
Microsoft Visual Studio Solution File, Format Version 12.00
# Visual Studio Version 16
VisualStudioVersion = 16.0.30523.141
MinimumVisualStudioVersion = 10.0.40219.1
Project("{FAE04EC0-301F-11D3-BF4B-00C04F79EFBC}") = "FacturaElectronicaGS", "FacturaElectronicaGS.csproj", "{A83057DF-C8FF-4BA5-94A8-16B77652CAA6}"
EndProject
Project("{FAE04EC0-301F-11D3-BF4B-00C04F79EFBC}") = "CodeBarPrint", "..\CodeBarPrint\CodeBarPrint.csproj", "{0B86DD66-A01A-482D-83BE-E5964CDE66EA}"
EndProject
Project("{FAE04EC0-301F-11D3-BF4B-00C04F79EFBC}") = "Co_Balance", "..\Co_Balance\Co_Balance.csproj", "{C419B3B0-2AD6-42F6-963A-C28D433BFF79}"
EndProject
Global
	GlobalSection(SolutionConfigurationPlatforms) = preSolution
		Debug|Any CPU = Debug|Any CPU
		Release|Any CPU = Release|Any CPU
	EndGlobalSection
	GlobalSection(ProjectConfigurationPlatforms) = postSolution
		{A83057DF-C8FF-4BA5-94A8-16B77652CAA6}.Debug|Any CPU.ActiveCfg = Debug|Any CPU
		{A83057DF-C8FF-4BA5-94A8-16B77652CAA6}.Debug|Any CPU.Build.0 = Debug|Any CPU
		{A83057DF-C8FF-4BA5-94A8-16B77652CAA6}.Release|Any CPU.ActiveCfg = Release|Any CPU
		{A83057DF-C8FF-4BA5-94A8-16B77652CAA6}.Release|Any CPU.Build.0 = Release|Any CPU
		{0B86DD66-A01A-482D-83BE-E5964CDE66EA}.Debug|Any CPU.ActiveCfg = Debug|Any CPU
		{0B86DD66-A01A-482D-83BE-E5964CDE66EA}.Debug|Any CPU.Build.0 = Debug|Any CPU
		{0B86DD66-A01A-482D-83BE-E5964CDE66EA}.Release|Any CPU.ActiveCfg = Release|Any CPU
		{0B86DD66-A01A-482D-83BE-E5964CDE66EA}.Release|Any CPU.Build.0 = Release|Any CPU
		{C419B3B0-2AD6-42F6-963A-C28D433BFF79}.Debug|Any CPU.ActiveCfg = Debug|Any CPU
		{C419B3B0-2AD6-42F6-963A-C28D433BFF79}.Debug|Any CPU.Build.0 = Debug|Any CPU
		{C419B3B0-2AD6-42F6-963A-C28D433BFF79}.Release|Any CPU.ActiveCfg = Release|Any CPU
		{C419B3B0-2AD6-42F6-963A-C28D433BFF79}.Release|Any CPU.Build.0 = Release|Any CPU
	EndGlobalSection
	GlobalSection(SolutionProperties) = preSolution
		HideSolutionNode = FALSE
	EndGlobalSection
	GlobalSection(ExtensibilityGlobals) = postSolution
		SolutionGuid = {BF204022-6757-4A4E-98F0-24915F1CC955}
	EndGlobalSection
EndGlobal
